// !$*UTF8*$!
{
	archiveVersion = 1;
	classes = {
	};
	objectVersion = 50;
	objects = {

/* Begin PBXBuildFile section */
		063F03F220A60C0B00FDBBBA /* AppDelegate.swift in Sources */ = {isa = PBXBuildFile; fileRef = 063F03F120A60C0B00FDBBBA /* AppDelegate.swift */; };
		063F03F420A60C0B00FDBBBA /* ViewController.swift in Sources */ = {isa = PBXBuildFile; fileRef = 063F03F320A60C0B00FDBBBA /* ViewController.swift */; };
		063F03F720A60C0B00FDBBBA /* Main.storyboard in Resources */ = {isa = PBXBuildFile; fileRef = 063F03F520A60C0B00FDBBBA /* Main.storyboard */; };
		063F03F920A60C0C00FDBBBA /* Assets.xcassets in Resources */ = {isa = PBXBuildFile; fileRef = 063F03F820A60C0C00FDBBBA /* Assets.xcassets */; };
		063F03FC20A60C0C00FDBBBA /* LaunchScreen.storyboard in Resources */ = {isa = PBXBuildFile; fileRef = 063F03FA20A60C0C00FDBBBA /* LaunchScreen.storyboard */; };
/* End PBXBuildFile section */

/* Begin PBXFileReference section */
		063F03EE20A60C0B00FDBBBA /* BMI cal.app */ = {isa = PBXFileReference; explicitFileType = wrapper.application; includeInIndex = 0; path = "BMI cal.app"; sourceTree = BUILT_PRODUCTS_DIR; };
		063F03F120A60C0B00FDBBBA /* AppDelegate.swift */ = {isa = PBXFileReference; lastKnownFileType = sourcecode.swift; path = AppDelegate.swift; sourceTree = "<group>"; };
		063F03F320A60C0B00FDBBBA /* ViewController.swift */ = {isa = PBXFileReference; lastKnownFileType = sourcecode.swift; path = ViewController.swift; sourceTree = "<group>"; };
		063F03F620A60C0B00FDBBBA /* Base */ = {isa = PBXFileReference; lastKnownFileType = file.storyboard; name = Base; path = Base.lproj/Main.storyboard; sourceTree = "<group>"; };
		063F03F820A60C0C00FDBBBA /* Assets.xcassets */ = {isa = PBXFileReference; lastKnownFileType = folder.assetcatalog; path = Assets.xcassets; sourceTree = "<group>"; };
		063F03FB20A60C0C00FDBBBA /* Base */ = {isa = PBXFileReference; lastKnownFileType = file.storyboard; name = Base; path = Base.lproj/LaunchScreen.storyboard; sourceTree = "<group>"; };
		063F03FD20A60C0C00FDBBBA /* Info.plist */ = {isa = PBXFileReference; lastKnownFileType = text.plist.xml; path = Info.plist; sourceTree = "<group>"; };
/* End PBXFileReference section */

/* Begin PBXFrameworksBuildPhase section */
		063F03EB20A60C0B00FDBBBA /* Frameworks */ = {
			isa = PBXFrameworksBuildPhase;
			buildActionMask = 2147483647;
			files = (
			);
			runOnlyForDeploymentPostprocessing = 0;
		};
/* End PBXFrameworksBuildPhase section */

/* Begin PBXGroup section */
		063F03E520A60C0B00FDBBBA = {
			isa = PBXGroup;
			children = (
				063F03F020A60C0B00FDBBBA /* BMI cal */,
				063F03EF20A60C0B00FDBBBA /* Products */,
			);
			sourceTree = "<group>";
		};
		063F03EF20A60C0B00FDBBBA /* Products */ = {
			isa = PBXGroup;
			children = (
				063F03EE20A60C0B00FDBBBA /* BMI cal.app */,
			);
			name = Products;
			sourceTree = "<group>";
		};
		063F03F020A60C0B00FDBBBA /* BMI cal */ = {
			isa = PBXGroup;
			children = (
				063F03F120A60C0B00FDBBBA /* AppDelegate.swift */,
				063F03F320A60C0B00FDBBBA /* ViewController.swift */,
				063F03F520A60C0B00FDBBBA /* Main.storyboard */,
				063F03F820A60C0C00FDBBBA /* Assets.xcassets */,
				063F03FA20A60C0C00FDBBBA /* LaunchScreen.storyboard */,
				063F03FD20A60C0C00FDBBBA /* Info.plist */,
			);
			path = "BMI cal";
			sourceTree = "<group>";
		};
/* End PBXGroup section */

/* Begin PBXNativeTarget section */
		063F03ED20A60C0B00FDBBBA /* BMI cal */ = {
			isa = PBXNativeTarget;
			buildConfigurationList = 063F040020A60C0C00FDBBBA /* Build configuration list for PBXNativeTarget "BMI cal" */;
			buildPhases = (
				063F03EA20A60C0B00FDBBBA /* Sources */,
				063F03EB20A60C0B00FDBBBA /* Frameworks */,
				063F03EC20A60C0B00FDBBBA /* Resources */,
			);
			buildRules = (
			);
			dependencies = (
			);
			name = "BMI cal";
			productName = "BMI cal";
			productReference = 063F03EE20A60C0B00FDBBBA /* BMI cal.app */;
			productType = "com.apple.product-type.application";
		};
/* End PBXNativeTarget section */

/* Begin PBXProject section */
		063F03E620A60C0B00FDBBBA /* Project object */ = {
			isa = PBXProject;
			attributes = {
				LastSwiftUpdateCheck = 0930;
				LastUpgradeCheck = 0930;
				ORGANIZATIONNAME = "Elan Qisthi";
				TargetAttributes = {
					063F03ED20A60C0B00FDBBBA = {
						CreatedOnToolsVersion = 9.3;
					};
				};
			};
			buildConfigurationList = 063F03E920A60C0B00FDBBBA /* Build configuration list for PBXProject "BMI cal" */;
			compatibilityVersion = "Xcode 9.3";
			developmentRegion = en;
			hasScannedForEncodings = 0;
			knownRegions = (
				en,
				Base,
			);
			mainGroup = 063F03E520A60C0B00FDBBBA;
			productRefGroup = 063F03EF20A60C0B00FDBBBA /* Products */;
			projectDirPath = "";
			projectRoot = "";
			targets = (
				063F03ED20A60C0B00FDBBBA /* BMI cal */,
			);
		};
/* End PBXProject section */

/* Begin PBXResourcesBuildPhase section */
		063F03EC20A60C0B00FDBBBA /* Resources */ = {
			isa = PBXResourcesBuildPhase;
			buildActionMask = 2147483647;
			files = (
				063F03FC20A60C0C00FDBBBA /* LaunchScreen.storyboard in Resources */,
				063F03F920A60C0C00FDBBBA /* Assets.xcassets in Resources */,
				063F03F720A60C0B00FDBBBA /* Main.storyboard in Resources */,
			);
			runOnlyForDeploymentPostprocessing = 0;
		};
/* End PBXResourcesBuildPhase section */

/* Begin PBXSourcesBuildPhase section */
		063F03EA20A60C0B00FDBBBA /* Sources */ = {
			isa = PBXSourcesBuildPhase;
			buildActionMask = 2147483647;
			files = (
				063F03F420A60C0B00FDBBBA /* ViewController.swift in Sources */,
				063F03F220A60C0B00FDBBBA /* AppDelegate.swift in Sources */,
			);
			runOnlyForDeploymentPostprocessing = 0;
		};
/* End PBXSourcesBuildPhase section */

/* Begin PBXVariantGroup section */
		063F03F520A60C0B00FDBBBA /* Main.storyboard */ = {
			isa = PBXVariantGroup;
			children = (
				063F03F620A60C0B00FDBBBA /* Base */,
			);
			name = Main.storyboard;
			sourceTree = "<group>";
		};
		063F03FA20A60C0C00FDBBBA /* LaunchScreen.storyboard */ = {
			isa = PBXVariantGroup;
			children = (
				063F03FB20A60C0C00FDBBBA /* Base */,
			);
			name = LaunchScreen.storyboard;
			sourceTree = "<group>";
		};
/* End PBXVariantGroup section */

/* Begin XCBuildConfiguration section */
		063F03FE20A60C0C00FDBBBA /* Debug */ = {
			isa = XCBuildConfiguration;
			buildSettings = {
				ALWAYS_SEARCH_USER_PATHS = NO;
				CLANG_ANALYZER_NONNULL = YES;
				CLANG_ANALYZER_NUMBER_OBJECT_CONVERSION = YES_AGGRESSIVE;
				CLANG_CXX_LANGUAGE_STANDARD = "gnu++14";
				CLANG_CXX_LIBRARY = "libc++";
				CLANG_ENABLE_MODULES = YES;
				CLANG_ENABLE_OBJC_ARC = YES;
				CLANG_ENABLE_OBJC_WEAK = YES;
				CLANG_WARN_BLOCK_CAPTURE_AUTORELEASING = YES;
				CLANG_WARN_BOOL_CONVERSION = YES;
				CLANG_WARN_COMMA = YES;
				CLANG_WARN_CONSTANT_CONVERSION = YES;
				CLANG_WARN_DEPRECATED_OBJC_IMPLEMENTATIONS = YES;
				CLANG_WARN_DIRECT_OBJC_ISA_USAGE = YES_ERROR;
				CLANG_WARN_DOCUMENTATION_COMMENTS = YES;
				CLANG_WARN_EMPTY_BODY = YES;
				CLANG_WARN_ENUM_CONVERSION = YES;
				CLANG_WARN_INFINITE_RECURSION = YES;
				CLANG_WARN_INT_CONVERSION = YES;
				CLANG_WARN_NON_LITERAL_NULL_CONVERSION = YES;
				CLANG_WARN_OBJC_IMPLICIT_RETAIN_SELF = YES;
				CLANG_WARN_OBJC_LITERAL_CONVERSION = YES;
				CLANG_WARN_OBJC_ROOT_CLASS = YES_ERROR;
				CLANG_WARN_RANGE_LOOP_ANALYSIS = YES;
				CLANG_WARN_STRICT_PROTOTYPES = YES;
				CLANG_WARN_SUSPICIOUS_MOVE = YES;
				CLANG_WARN_UNGUARDED_AVAILABILITY = YES_AGGRESSIVE;
				CLANG_WARN_UNREACHABLE_CODE = YES;
				CLANG_WARN__DUPLICATE_METHOD_MATCH = YES;
				CODE_SIGN_IDENTITY = "iPhone Developer";
				COPY_PHASE_STRIP = NO;
				DEBUG_INFORMATION_FORMAT = dwarf;
				ENABLE_STRICT_OBJC_MSGSEND = YES;
				ENABLE_TESTABILITY = YES;
				GCC_C_LANGUAGE_STANDARD = gnu11;
				GCC_DYNAMIC_NO_PIC = NO;
				GCC_NO_COMMON_BLOCKS = YES;
				GCC_OPTIMIZATION_LEVEL = 0;
				GCC_PREPROCESSOR_DEFINITIONS = (
					"DEBUG=1",
					"$(inherited)",
				);
				GCC_WARN_64_TO_32_BIT_CONVERSION = YES;
				GCC_WARN_ABOUT_RETURN_TYPE = YES_ERROR;
				GCC_WARN_UNDECLARED_SELECTOR = YES;
				GCC_WARN_UNINITIALIZED_AUTOS = YES_AGGRESSIVE;
				GCC_WARN_UNUSED_FUNCTION = YES;
				GCC_WARN_UNUSED_VARIABLE = YES;
				IPHONEOS_DEPLOYMENT_TARGET = 11.3;
				MTL_ENABLE_DEBUG_INFO = YES;
				ONLY_ACTIVE_ARCH = YES;
				SDKROOT = iphoneos;
				SWIFT_ACTIVE_COMPILATION_CONDITIONS = DEBUG;
				SWIFT_OPTIMIZATION_LEVEL = "-Onone";
			};
			name = Debug;
		};
		063F03FF20A60C0C00FDBBBA /* Release */ = {
			isa = XCBuildConfiguration;
			buildSettings = {
				ALWAYS_SEARCH_USER_PATHS = NO;
				CLANG_ANALYZER_NONNULL = YES;
				CLANG_ANALYZER_NUMBER_OBJECT_CONVERSION = YES_AGGRESSIVE;
				CLANG_CXX_LANGUAGE_STANDARD = "gnu++14";
				CLANG_CXX_LIBRARY = "libc++";
				CLANG_ENABLE_MODULES = YES;
				CLANG_ENABLE_OBJC_ARC = YES;
				CLANG_ENABLE_OBJC_WEAK = YES;
				CLANG_WARN_BLOCK_CAPTURE_AUTORELEASING = YES;
				CLANG_WARN_BOOL_CONVERSION = YES;
				CLANG_WARN_COMMA = YES;
				CLANG_WARN_CONSTANT_CONVERSION = YES;
				CLANG_WARN_DEPRECATED_OBJC_IMPLEMENTATIONS = YES;
				CLANG_WARN_DIRECT_OBJC_ISA_USAGE = YES_ERROR;
				CLANG_WARN_DOCUMENTATION_COMMENTS = YES;
				CLANG_WARN_EMPTY_BODY = YES;
				CLANG_WARN_ENUM_CONVERSION = YES;
				CLANG_WARN_INFINITE_RECURSION = YES;
				CLANG_WARN_INT_CONVERSION = YES;
				CLANG_WARN_NON_LITERAL_NULL_CONVERSION = YES;
				CLANG_WARN_OBJC_IMPLICIT_RETAIN_SELF = YES;
				CLANG_WARN_OBJC_LITERAL_CONVERSION = YES;
				CLANG_WARN_OBJC_ROOT_CLASS = YES_ERROR;
				CLANG_WARN_RANGE_LOOP_ANALYSIS = YES;
				CLANG_WARN_STRICT_PROTOTYPES = YES;
				CLANG_WARN_SUSPICIOUS_MOVE = YES;
				CLANG_WARN_UNGUARDED_AVAILABILITY = YES_AGGRESSIVE;
				CLANG_WARN_UNREACHABLE_CODE = YES;
				CLANG_WARN__DUPLICATE_METHOD_MATCH = YES;
				CODE_SIGN_IDENTITY = "iPhone Developer";
				COPY_PHASE_STRIP = NO;
				DEBUG_INFORMATION_FORMAT = "dwarf-with-dsym";
				ENABLE_NS_ASSERTIONS = NO;
				ENABLE_STRICT_OBJC_MSGSEND = YES;
				GCC_C_LANGUAGE_STANDARD = gnu11;
				GCC_NO_COMMON_BLOCKS = YES;
				GCC_WARN_64_TO_32_BIT_CONVERSION = YES;
				GCC_WARN_ABOUT_RETURN_TYPE = YES_ERROR;
				GCC_WARN_UNDECLARED_SELECTOR = YES;
				GCC_WARN_UNINITIALIZED_AUTOS = YES_AGGRESSIVE;
				GCC_WARN_UNUSED_FUNCTION = YES;
				GCC_WARN_UNUSED_VARIABLE = YES;
				IPHONEOS_DEPLOYMENT_TARGET = 11.3;
				MTL_ENABLE_DEBUG_INFO = NO;
				SDKROOT = iphoneos;
				SWIFT_COMPILATION_MODE = wholemodule;
				SWIFT_OPTIMIZATION_LEVEL = "-O";
				VALIDATE_PRODUCT = YES;
			};
			name = Release;
		};
		063F040120A60C0C00FDBBBA /* Debug */ = {
			isa = XCBuildConfiguration;
			buildSettings = {
				ASSETCATALOG_COMPILER_APPICON_NAME = AppIcon;
				CODE_SIGN_IDENTITY = "iPhone Developer";
				CODE_SIGN_STYLE = Automatic;
				DEVELOPMENT_TEAM = Y6GSN7S7F3;
				INFOPLIST_FILE = "BMI cal/Info.plist";
				IPHONEOS_DEPLOYMENT_TARGET = 10.3;
				LD_RUNPATH_SEARCH_PATHS = (
					"$(inherited)",
					"@executable_path/Frameworks",
				);
				PRODUCT_BUNDLE_IDENTIFIER = com.qisthi.BMICalculator;
				PRODUCT_NAME = "$(TARGET_NAME)";
				PROVISIONING_PROFILE_SPECIFIER = "";
				SWIFT_VERSION = 4.0;
				TARGETED_DEVICE_FAMILY = "1,2";
			};
			name = Debug;
		};
		063F040220A60C0C00FDBBBA /* Release */ = {
			isa = XCBuildConfiguration;
			buildSettings = {
				ASSETCATALOG_COMPILER_APPICON_NAME = AppIcon;
				CODE_SIGN_IDENTITY = "iPhone Developer";
				CODE_SIGN_STYLE = Automatic;
				DEVELOPMENT_TEAM = Y6GSN7S7F3;
				INFOPLIST_FILE = "BMI cal/Info.plist";
				IPHONEOS_DEPLOYMENT_TARGET = 10.3;
				LD_RUNPATH_SEARCH_PATHS = (
					"$(inherited)",
					"@executable_path/Frameworks",
				);
				PRODUCT_BUNDLE_IDENTIFIER = com.qisthi.BMICalculator;
				PRODUCT_NAME = "$(TARGET_NAME)";
				PROVISIONING_PROFILE_SPECIFIER = "";
				SWIFT_VERSION = 4.0;
				TARGETED_DEVICE_FAMILY = "1,2";
			};
			name = Release;
		};
/* End XCBuildConfiguration section */

/* Begin XCConfigurationList section */
		063F03E920A60C0B00FDBBBA /* Build configuration list for PBXProject "BMI cal" */ = {
			isa = XCConfigurationList;
			buildConfigurations = (
				063F03FE20A60C0C00FDBBBA /* Debug */,
				063F03FF20A60C0C00FDBBBA /* Release */,
			);
			defaultConfigurationIsVisible = 0;
			defaultConfigurationName = Release;
		};
		063F040020A60C0C00FDBBBA /* Build configuration list for PBXNativeTarget "BMI cal" */ = {
			isa = XCConfigurationList;
			buildConfigurations = (
				063F040120A60C0C00FDBBBA /* Debug */,
				063F040220A60C0C00FDBBBA /* Release */,
			);
			defaultConfigurationIsVisible = 0;
			defaultConfigurationName = Release;
		};
/* End XCConfigurationList section */
	};
	rootObject = 063F03E620A60C0B00FDBBBA /* Project object */;
}
